
Microsoft Visual Studio Solution File, Format Version 12.00
# Visual Studio Version 17
VisualStudioVersion = 17.8.34330.188
MinimumVisualStudioVersion = 10.0.40219.1
Project("{9A19103F-16F7-4668-BE54-9A1E7A4F7556}") = "MyToDO", "MyToDO\MyToDO.csproj", "{F19CD9A0-08B0-4F0A-B2F2-BBF946D23458}"
EndProject
Project("{9A19103F-16F7-4668-BE54-9A1E7A4F7556}") = "MyToDo.Api", "MyToDo.Api\MyToDo.Api.csproj", "{4B997C62-1041-4655-ABE1-5EF95F3CB4F2}"
EndProject
Project("{2150E333-8FDC-42A3-9474-1A3956D46DE8}") = "解决方案项", "解决方案项", "{962A1AE6-4575-4094-A90D-6C3E4B1217F0}"
	ProjectSection(SolutionItems) = preProject
		.gitignore = .gitignore
		README.md = README.md
	EndProjectSection
EndProject
Project("{9A19103F-16F7-4668-BE54-9A1E7A4F7556}") = "MyToDo.Shared", "MyToDo.Shared\MyToDo.Shared.csproj", "{6B77E960-4113-40B6-8B06-36A552AE5B4C}"
EndProject
Project("{2150E333-8FDC-42A3-9474-1A3956D46DE8}") = "Solution Items", "Solution Items", "{AC33A829-0AE9-4A07-BE01-A68578442E4C}"
	ProjectSection(SolutionItems) = preProject
		.editorconfig = .editorconfig
	EndProjectSection
EndProject
Global
	GlobalSection(SolutionConfigurationPlatforms) = preSolution
		Debug|Any CPU = Debug|Any CPU
		Release|Any CPU = Release|Any CPU
	EndGlobalSection
	GlobalSection(ProjectConfigurationPlatforms) = postSolution
		{F19CD9A0-08B0-4F0A-B2F2-BBF946D23458}.Debug|Any CPU.ActiveCfg = Debug|Any CPU
		{F19CD9A0-08B0-4F0A-B2F2-BBF946D23458}.Debug|Any CPU.Build.0 = Debug|Any CPU
		{F19CD9A0-08B0-4F0A-B2F2-BBF946D23458}.Release|Any CPU.ActiveCfg = Release|Any CPU
		{F19CD9A0-08B0-4F0A-B2F2-BBF946D23458}.Release|Any CPU.Build.0 = Release|Any CPU
		{4B997C62-1041-4655-ABE1-5EF95F3CB4F2}.Debug|Any CPU.ActiveCfg = Debug|Any CPU
		{4B997C62-1041-4655-ABE1-5EF95F3CB4F2}.Debug|Any CPU.Build.0 = Debug|Any CPU
		{4B997C62-1041-4655-ABE1-5EF95F3CB4F2}.Release|Any CPU.ActiveCfg = Release|Any CPU
		{4B997C62-1041-4655-ABE1-5EF95F3CB4F2}.Release|Any CPU.Build.0 = Release|Any CPU
		{6B77E960-4113-40B6-8B06-36A552AE5B4C}.Debug|Any CPU.ActiveCfg = Debug|Any CPU
		{6B77E960-4113-40B6-8B06-36A552AE5B4C}.Debug|Any CPU.Build.0 = Debug|Any CPU
		{6B77E960-4113-40B6-8B06-36A552AE5B4C}.Release|Any CPU.ActiveCfg = Release|Any CPU
		{6B77E960-4113-40B6-8B06-36A552AE5B4C}.Release|Any CPU.Build.0 = Release|Any CPU
	EndGlobalSection
	GlobalSection(SolutionProperties) = preSolution
		HideSolutionNode = FALSE
	EndGlobalSection
	GlobalSection(ExtensibilityGlobals) = postSolution
		SolutionGuid = {E4A65E4F-DE83-4447-8E22-3824241DA3C8}
	EndGlobalSection
EndGlobal
